{
    "_meta": {
        "hash": {
            "sha256": "ef375e61d017ce45078a1c590b5a8eecbf3520542e9a4c1a5a03dc33f8e7eb6b"
        },
        "pipfile-spec": 6,
        "requires": {
            "python_version": "2.7"
        },
        "sources": [
            {
                "name": "pypi",
                "url": "https://pypi.python.org/simple",
                "verify_ssl": true
            }
        ]
    },
    "default": {
        "jsonlib": {
            "hashes": [
                "sha256:6eebdb41b1671437107c747c18dbbaea2c41c2ef3b7b551e6c65206a125538bf"
            ],
            "version": "==1.6.1"
        },
        "python-cjson": {
            "hashes": [
                "sha256:52db2745264624768bfd9b604acb38f631bde5c2ec9b23861677d747e4558626"
            ],
            "version": "==1.2.1"
        },
        "simplejson": {
            "hashes": [
                "sha256:ef822f66d932a7ced43844a4684d7bd24c4cc7ebe8030ee7277cf7c033e58a13",
                "sha256:5539547ba11f4affcdc4890cc85bfdd3f2d7186042d91e9340add98699cc3d50",
                "sha256:4c4ecf20e054716cc1e5a81cadc44d3f4027108d8dd0861d8b1e3bd7a32d4f0a",
                "sha256:44a7e0e117032666d37bcfa42161c7eb27c6ed9100d260e5b25751a6d8d7a2e8",
                "sha256:b2e64d1695bcd0d916e8633ab12179bde8d96e8cbd18d9d0c3020409cfaf8091",
                "sha256:b4967af248c1fde0b184d81b2aa9646d96a400342d26f837e772a1dcb11cdc10",
                "sha256:6560b68e98aba17afa4e898aab21d06d549738267dbe4d0981a24b4c1db66368",
                "sha256:43dc3082f3a8fd5bb0c80df5a8ab96d81eafeca701615aaa0b01910b1869e678",
                "sha256:c1347a0d6e90d4a0fd67514c8691346c5cd1ee6039415eba97690f4b5d594915",
                "sha256:6cf42bc495f7e3fd25e92912a22f47e439f3a809814103a1b727d373f758915a",
                "sha256:cf669980df3a6db918e69920df3eaf52901aa4c007287070a8b6e0da811cd2a2",
                "sha256:194fa08e4047f16e7087f2a406abd15151a482a097e42d8babb1b8181b2232b1"
            ],
            "version": "==3.13.2"
        },
        "ujson": {
            "hashes": [
                "sha256:f66073e5506e91d204ab0c614a148d5aa938bdbf104751be66f8ad7a222f5f86"
            ],
            "version": "==1.35"
        },
        "yajl": {
            "hashes": [
                "sha256:432321ea613692a4782a2368a300f57b59c64a3c8508c7465af3fdc045e7bcc2"
            ],
            "version": "==0.3.5"
        }
    },
    "develop": {}
}
